# This file was autogenerated by Stack.
# You should not edit this file by hand.
# For more information, please see the documentation at:
#   https://docs.haskellstack.org/en/stable/lock_files

packages:
- completed:
    hackage: Plural-0.0.2@sha256:cf82d4dc70869c8d223f2d505c099dab0fe3e5f76f163c383148a3e155d799f0,491
    pantry-tree:
      sha256: 9629aa35f09aeefae742417678cfffcf21bf9c86dd0f72b96d09f539b9cfc744
      size: 218
  original:
    hackage: Plural-0.0.2
snapshots:
- completed:
    sha256: adbc602422dde10cc330175da7de8609e70afc41449a7e2d6e8b1827aa0e5008
    size: 649342
    url: https://raw.githubusercontent.com/commercialhaskell/stackage-snapshots/master/lts/20/11.yaml
  original: lts-20.11
