# This file was autogenerated by Stack.
# You should not edit this file by hand.
# For more information, please see the documentation at:
#   https://docs.haskellstack.org/en/stable/lock_files

packages:
- completed:
    hackage: datetime-0.3.1@sha256:7e275bd0ce7a2f66445bedfa0006abaf4d41af4c2204c3f8004c17eab5480e74,1534
    pantry-tree:
      sha256: d41d182c143676464cb1774f0b7777e870ddeaf8b6cd5fee6ff0114997a1f504
      size: 334
  original:
    hackage: datetime-0.3.1
- completed:
    hackage: regex-posix-0.96.0.1@sha256:9dbba4b65a3bb6975d9740814be5593c6b2d2d6a0b3febc8ec940edb9a9bbdf4,2954
    pantry-tree:
      sha256: 63f9502667a393dc22ca34f42bb5b0241d9eb92938627f782a8ff89e52ece48e
      size: 748
  original:
    hackage: regex-posix-0.96.0.1
snapshots:
- completed:
    sha256: adbc602422dde10cc330175da7de8609e70afc41449a7e2d6e8b1827aa0e5008
    size: 649342
    url: https://raw.githubusercontent.com/commercialhaskell/stackage-snapshots/master/lts/20/11.yaml
  original: lts-20.11
